
Microsoft Visual Studio Solution File, Format Version 12.00
# Visual Studio 15
VisualStudioVersion = 15.0.27130.2020
MinimumVisualStudioVersion = 10.0.40219.1
Project("{FAE04EC0-301F-11D3-BF4B-00C04F79EFBC}") = "LaPizzaPos", "LaPizzaPos.csproj", "{F1132C25-2D95-4B22-8CF1-A123743CEA1F}"
EndProject
Global
	GlobalSection(SolutionConfigurationPlatforms) = preSolution
		Debug|Any CPU = Debug|Any CPU
		Release|Any CPU = Release|Any CPU
	EndGlobalSection
	GlobalSection(ProjectConfigurationPlatforms) = postSolution
		{F1132C25-2D95-4B22-8CF1-A123743CEA1F}.Debug|Any CPU.ActiveCfg = Debug|Any CPU
		{F1132C25-2D95-4B22-8CF1-A123743CEA1F}.Debug|Any CPU.Build.0 = Debug|Any CPU
		{F1132C25-2D95-4B22-8CF1-A123743CEA1F}.Release|Any CPU.ActiveCfg = Release|Any CPU
		{F1132C25-2D95-4B22-8CF1-A123743CEA1F}.Release|Any CPU.Build.0 = Release|Any CPU
	EndGlobalSection
	GlobalSection(SolutionProperties) = preSolution
		HideSolutionNode = FALSE
	EndGlobalSection
	GlobalSection(ExtensibilityGlobals) = postSolution
		SolutionGuid = {04839A07-603A-4556-9965-F7783EF36DEE}
	EndGlobalSection
EndGlobal
